// !$*UTF8*$!
{
	archiveVersion = 1;
	classes = {
	};
	objectVersion = 50;
	objects = {

/* Begin PBXBuildFile section */
		2F96F40623FB07C7002C8E48 /* AppDelegate.swift in Sources */ = {isa = PBXBuildFile; fileRef = 2F96F40523FB07C7002C8E48 /* AppDelegate.swift */; };
		2F96F40823FB07C7002C8E48 /* SceneDelegate.swift in Sources */ = {isa = PBXBuildFile; fileRef = 2F96F40723FB07C7002C8E48 /* SceneDelegate.swift */; };
		2F96F40A23FB07C7002C8E48 /* ContentView.swift in Sources */ = {isa = PBXBuildFile; fileRef = 2F96F40923FB07C7002C8E48 /* ContentView.swift */; };
		2F96F40C23FB07C7002C8E48 /* Assets.xcassets in Resources */ = {isa = PBXBuildFile; fileRef = 2F96F40B23FB07C7002C8E48 /* Assets.xcassets */; };
		2F96F40F23FB07C7002C8E48 /* Preview Assets.xcassets in Resources */ = {isa = PBXBuildFile; fileRef = 2F96F40E23FB07C7002C8E48 /* Preview Assets.xcassets */; };
		2F96F41223FB07C7002C8E48 /* LaunchScreen.storyboard in Resources */ = {isa = PBXBuildFile; fileRef = 2F96F41023FB07C7002C8E48 /* LaunchScreen.storyboard */; };
		2FD8958123FB0C6700987AF6 /* TextyText.swift in Sources */ = {isa = PBXBuildFile; fileRef = 2FD8958023FB0C6700987AF6 /* TextyText.swift */; };
/* End PBXBuildFile section */

/* Begin PBXFileReference section */
		2F96F40223FB07C7002C8E48 /* iOS-Project.app */ = {isa = PBXFileReference; explicitFileType = wrapper.application; includeInIndex = 0; path = "iOS-Project.app"; sourceTree = BUILT_PRODUCTS_DIR; };
		2F96F40523FB07C7002C8E48 /* AppDelegate.swift */ = {isa = PBXFileReference; lastKnownFileType = sourcecode.swift; path = AppDelegate.swift; sourceTree = "<group>"; };
		2F96F40723FB07C7002C8E48 /* SceneDelegate.swift */ = {isa = PBXFileReference; lastKnownFileType = sourcecode.swift; path = SceneDelegate.swift; sourceTree = "<group>"; };
		2F96F40923FB07C7002C8E48 /* ContentView.swift */ = {isa = PBXFileReference; lastKnownFileType = sourcecode.swift; path = ContentView.swift; sourceTree = "<group>"; };
		2F96F40B23FB07C7002C8E48 /* Assets.xcassets */ = {isa = PBXFileReference; lastKnownFileType = folder.assetcatalog; path = Assets.xcassets; sourceTree = "<group>"; };
		2F96F40E23FB07C7002C8E48 /* Preview Assets.xcassets */ = {isa = PBXFileReference; lastKnownFileType = folder.assetcatalog; path = "Preview Assets.xcassets"; sourceTree = "<group>"; };
		2F96F41123FB07C7002C8E48 /* Base */ = {isa = PBXFileReference; lastKnownFileType = file.storyboard; name = Base; path = Base.lproj/LaunchScreen.storyboard; sourceTree = "<group>"; };
		2F96F41323FB07C7002C8E48 /* Info.plist */ = {isa = PBXFileReference; lastKnownFileType = text.plist.xml; path = Info.plist; sourceTree = "<group>"; };
		2FD8958023FB0C6700987AF6 /* TextyText.swift */ = {isa = PBXFileReference; fileEncoding = 4; lastKnownFileType = sourcecode.swift; path = TextyText.swift; sourceTree = "<group>"; };
/* End PBXFileReference section */

/* Begin PBXFrameworksBuildPhase section */
		2F96F3FF23FB07C7002C8E48 /* Frameworks */ = {
			isa = PBXFrameworksBuildPhase;
			buildActionMask = 2147483647;
			files = (
			);
			runOnlyForDeploymentPostprocessing = 0;
		};
/* End PBXFrameworksBuildPhase section */

/* Begin PBXGroup section */
		2F96F3F923FB07C7002C8E48 = {
			isa = PBXGroup;
			children = (
				2F96F40423FB07C7002C8E48 /* iOS-Project */,
				2F96F40323FB07C7002C8E48 /* Products */,
			);
			sourceTree = "<group>";
		};
		2F96F40323FB07C7002C8E48 /* Products */ = {
			isa = PBXGroup;
			children = (
				2F96F40223FB07C7002C8E48 /* iOS-Project.app */,
			);
			name = Products;
			sourceTree = "<group>";
		};
		2F96F40423FB07C7002C8E48 /* iOS-Project */ = {
			isa = PBXGroup;
			children = (
				2FD8957F23FB0C6700987AF6 /* TextyText */,
				2F96F40523FB07C7002C8E48 /* AppDelegate.swift */,
				2F96F40723FB07C7002C8E48 /* SceneDelegate.swift */,
				2F96F40923FB07C7002C8E48 /* ContentView.swift */,
				2F96F40B23FB07C7002C8E48 /* Assets.xcassets */,
				2F96F41023FB07C7002C8E48 /* LaunchScreen.storyboard */,
				2F96F41323FB07C7002C8E48 /* Info.plist */,
				2F96F40D23FB07C7002C8E48 /* Preview Content */,
			);
			path = "iOS-Project";
			sourceTree = "<group>";
		};
		2F96F40D23FB07C7002C8E48 /* Preview Content */ = {
			isa = PBXGroup;
			children = (
				2F96F40E23FB07C7002C8E48 /* Preview Assets.xcassets */,
			);
			path = "Preview Content";
			sourceTree = "<group>";
		};
		2FD8957F23FB0C6700987AF6 /* TextyText */ = {
			isa = PBXGroup;
			children = (
				2FD8958023FB0C6700987AF6 /* TextyText.swift */,
			);
			name = TextyText;
			path = ../../Sources/TextyText;
			sourceTree = "<group>";
		};
/* End PBXGroup section */

/* Begin PBXNativeTarget section */
		2F96F40123FB07C7002C8E48 /* iOS-Project */ = {
			isa = PBXNativeTarget;
			buildConfigurationList = 2F96F41623FB07C7002C8E48 /* Build configuration list for PBXNativeTarget "iOS-Project" */;
			buildPhases = (
				2F96F3FE23FB07C7002C8E48 /* Sources */,
				2F96F3FF23FB07C7002C8E48 /* Frameworks */,
				2F96F40023FB07C7002C8E48 /* Resources */,
			);
			buildRules = (
			);
			dependencies = (
			);
			name = "iOS-Project";
			productName = "iOS-Project";
			productReference = 2F96F40223FB07C7002C8E48 /* iOS-Project.app */;
			productType = "com.apple.product-type.application";
		};
/* End PBXNativeTarget section */

/* Begin PBXProject section */
		2F96F3FA23FB07C7002C8E48 /* Project object */ = {
			isa = PBXProject;
			attributes = {
				LastSwiftUpdateCheck = 1130;
				LastUpgradeCheck = 1130;
				ORGANIZATIONNAME = 13bit;
				TargetAttributes = {
					2F96F40123FB07C7002C8E48 = {
						CreatedOnToolsVersion = 11.3.1;
					};
				};
			};
			buildConfigurationList = 2F96F3FD23FB07C7002C8E48 /* Build configuration list for PBXProject "iOS-Project" */;
			compatibilityVersion = "Xcode 9.3";
			developmentRegion = en;
			hasScannedForEncodings = 0;
			knownRegions = (
				en,
				Base,
			);
			mainGroup = 2F96F3F923FB07C7002C8E48;
			productRefGroup = 2F96F40323FB07C7002C8E48 /* Products */;
			projectDirPath = "";
			projectRoot = "";
			targets = (
				2F96F40123FB07C7002C8E48 /* iOS-Project */,
			);
		};
/* End PBXProject section */

/* Begin PBXResourcesBuildPhase section */
		2F96F40023FB07C7002C8E48 /* Resources */ = {
			isa = PBXResourcesBuildPhase;
			buildActionMask = 2147483647;
			files = (
				2F96F41223FB07C7002C8E48 /* LaunchScreen.storyboard in Resources */,
				2F96F40F23FB07C7002C8E48 /* Preview Assets.xcassets in Resources */,
				2F96F40C23FB07C7002C8E48 /* Assets.xcassets in Resources */,
			);
			runOnlyForDeploymentPostprocessing = 0;
		};
/* End PBXResourcesBuildPhase section */

/* Begin PBXSourcesBuildPhase section */
		2F96F3FE23FB07C7002C8E48 /* Sources */ = {
			isa = PBXSourcesBuildPhase;
			buildActionMask = 2147483647;
			files = (
				2F96F40623FB07C7002C8E48 /* AppDelegate.swift in Sources */,
				2FD8958123FB0C6700987AF6 /* TextyText.swift in Sources */,
				2F96F40823FB07C7002C8E48 /* SceneDelegate.swift in Sources */,
				2F96F40A23FB07C7002C8E48 /* ContentView.swift in Sources */,
			);
			runOnlyForDeploymentPostprocessing = 0;
		};
/* End PBXSourcesBuildPhase section */

/* Begin PBXVariantGroup section */
		2F96F41023FB07C7002C8E48 /* LaunchScreen.storyboard */ = {
			isa = PBXVariantGroup;
			children = (
				2F96F41123FB07C7002C8E48 /* Base */,
			);
			name = LaunchScreen.storyboard;
			sourceTree = "<group>";
		};
/* End PBXVariantGroup section */

/* Begin XCBuildConfiguration section */
		2F96F41423FB07C7002C8E48 /* Debug */ = {
			isa = XCBuildConfiguration;
			buildSettings = {
				ALWAYS_SEARCH_USER_PATHS = NO;
				CLANG_ANALYZER_NONNULL = YES;
				CLANG_ANALYZER_NUMBER_OBJECT_CONVERSION = YES_AGGRESSIVE;
				CLANG_CXX_LANGUAGE_STANDARD = "gnu++14";
				CLANG_CXX_LIBRARY = "libc++";
				CLANG_ENABLE_MODULES = YES;
				CLANG_ENABLE_OBJC_ARC = YES;
				CLANG_ENABLE_OBJC_WEAK = YES;
				CLANG_WARN_BLOCK_CAPTURE_AUTORELEASING = YES;
				CLANG_WARN_BOOL_CONVERSION = YES;
				CLANG_WARN_COMMA = YES;
				CLANG_WARN_CONSTANT_CONVERSION = YES;
				CLANG_WARN_DEPRECATED_OBJC_IMPLEMENTATIONS = YES;
				CLANG_WARN_DIRECT_OBJC_ISA_USAGE = YES_ERROR;
				CLANG_WARN_DOCUMENTATION_COMMENTS = YES;
				CLANG_WARN_EMPTY_BODY = YES;
				CLANG_WARN_ENUM_CONVERSION = YES;
				CLANG_WARN_INFINITE_RECURSION = YES;
				CLANG_WARN_INT_CONVERSION = YES;
				CLANG_WARN_NON_LITERAL_NULL_CONVERSION = YES;
				CLANG_WARN_OBJC_IMPLICIT_RETAIN_SELF = YES;
				CLANG_WARN_OBJC_LITERAL_CONVERSION = YES;
				CLANG_WARN_OBJC_ROOT_CLASS = YES_ERROR;
				CLANG_WARN_RANGE_LOOP_ANALYSIS = YES;
				CLANG_WARN_STRICT_PROTOTYPES = YES;
				CLANG_WARN_SUSPICIOUS_MOVE = YES;
				CLANG_WARN_UNGUARDED_AVAILABILITY = YES_AGGRESSIVE;
				CLANG_WARN_UNREACHABLE_CODE = YES;
				CLANG_WARN__DUPLICATE_METHOD_MATCH = YES;
				COPY_PHASE_STRIP = NO;
				DEBUG_INFORMATION_FORMAT = dwarf;
				ENABLE_STRICT_OBJC_MSGSEND = YES;
				ENABLE_TESTABILITY = YES;
				GCC_C_LANGUAGE_STANDARD = gnu11;
				GCC_DYNAMIC_NO_PIC = NO;
				GCC_NO_COMMON_BLOCKS = YES;
				GCC_OPTIMIZATION_LEVEL = 0;
				GCC_PREPROCESSOR_DEFINITIONS = (
					"DEBUG=1",
					"$(inherited)",
				);
				GCC_WARN_64_TO_32_BIT_CONVERSION = YES;
				GCC_WARN_ABOUT_RETURN_TYPE = YES_ERROR;
				GCC_WARN_UNDECLARED_SELECTOR = YES;
				GCC_WARN_UNINITIALIZED_AUTOS = YES_AGGRESSIVE;
				GCC_WARN_UNUSED_FUNCTION = YES;
				GCC_WARN_UNUSED_VARIABLE = YES;
				IPHONEOS_DEPLOYMENT_TARGET = 13.2;
				MTL_ENABLE_DEBUG_INFO = INCLUDE_SOURCE;
				MTL_FAST_MATH = YES;
				ONLY_ACTIVE_ARCH = YES;
				SDKROOT = iphoneos;
				SWIFT_ACTIVE_COMPILATION_CONDITIONS = DEBUG;
				SWIFT_OPTIMIZATION_LEVEL = "-Onone";
			};
			name = Debug;
		};
		2F96F41523FB07C7002C8E48 /* Release */ = {
			isa = XCBuildConfiguration;
			buildSettings = {
				ALWAYS_SEARCH_USER_PATHS = NO;
				CLANG_ANALYZER_NONNULL = YES;
				CLANG_ANALYZER_NUMBER_OBJECT_CONVERSION = YES_AGGRESSIVE;
				CLANG_CXX_LANGUAGE_STANDARD = "gnu++14";
				CLANG_CXX_LIBRARY = "libc++";
				CLANG_ENABLE_MODULES = YES;
				CLANG_ENABLE_OBJC_ARC = YES;
				CLANG_ENABLE_OBJC_WEAK = YES;
				CLANG_WARN_BLOCK_CAPTURE_AUTORELEASING = YES;
				CLANG_WARN_BOOL_CONVERSION = YES;
				CLANG_WARN_COMMA = YES;
				CLANG_WARN_CONSTANT_CONVERSION = YES;
				CLANG_WARN_DEPRECATED_OBJC_IMPLEMENTATIONS = YES;
				CLANG_WARN_DIRECT_OBJC_ISA_USAGE = YES_ERROR;
				CLANG_WARN_DOCUMENTATION_COMMENTS = YES;
				CLANG_WARN_EMPTY_BODY = YES;
				CLANG_WARN_ENUM_CONVERSION = YES;
				CLANG_WARN_INFINITE_RECURSION = YES;
				CLANG_WARN_INT_CONVERSION = YES;
				CLANG_WARN_NON_LITERAL_NULL_CONVERSION = YES;
				CLANG_WARN_OBJC_IMPLICIT_RETAIN_SELF = YES;
				CLANG_WARN_OBJC_LITERAL_CONVERSION = YES;
				CLANG_WARN_OBJC_ROOT_CLASS = YES_ERROR;
				CLANG_WARN_RANGE_LOOP_ANALYSIS = YES;
				CLANG_WARN_STRICT_PROTOTYPES = YES;
				CLANG_WARN_SUSPICIOUS_MOVE = YES;
				CLANG_WARN_UNGUARDED_AVAILABILITY = YES_AGGRESSIVE;
				CLANG_WARN_UNREACHABLE_CODE = YES;
				CLANG_WARN__DUPLICATE_METHOD_MATCH = YES;
				COPY_PHASE_STRIP = NO;
				DEBUG_INFORMATION_FORMAT = "dwarf-with-dsym";
				ENABLE_NS_ASSERTIONS = NO;
				ENABLE_STRICT_OBJC_MSGSEND = YES;
				GCC_C_LANGUAGE_STANDARD = gnu11;
				GCC_NO_COMMON_BLOCKS = YES;
				GCC_WARN_64_TO_32_BIT_CONVERSION = YES;
				GCC_WARN_ABOUT_RETURN_TYPE = YES_ERROR;
				GCC_WARN_UNDECLARED_SELECTOR = YES;
				GCC_WARN_UNINITIALIZED_AUTOS = YES_AGGRESSIVE;
				GCC_WARN_UNUSED_FUNCTION = YES;
				GCC_WARN_UNUSED_VARIABLE = YES;
				IPHONEOS_DEPLOYMENT_TARGET = 13.2;
				MTL_ENABLE_DEBUG_INFO = NO;
				MTL_FAST_MATH = YES;
				SDKROOT = iphoneos;
				SWIFT_COMPILATION_MODE = wholemodule;
				SWIFT_OPTIMIZATION_LEVEL = "-O";
				VALIDATE_PRODUCT = YES;
			};
			name = Release;
		};
		2F96F41723FB07C7002C8E48 /* Debug */ = {
			isa = XCBuildConfiguration;
			buildSettings = {
				ASSETCATALOG_COMPILER_APPICON_NAME = AppIcon;
				CODE_SIGN_STYLE = Automatic;
				DEVELOPMENT_ASSET_PATHS = "\"iOS-Project/Preview Content\"";
				ENABLE_PREVIEWS = YES;
				INFOPLIST_FILE = "iOS-Project/Info.plist";
				LD_RUNPATH_SEARCH_PATHS = (
					"$(inherited)",
					"@executable_path/Frameworks",
				);
				PRODUCT_BUNDLE_IDENTIFIER = "-13bit.io.iOS-Project";
				PRODUCT_NAME = "$(TARGET_NAME)";
				SWIFT_VERSION = 5.0;
				TARGETED_DEVICE_FAMILY = "1,2";
			};
			name = Debug;
		};
		2F96F41823FB07C7002C8E48 /* Release */ = {
			isa = XCBuildConfiguration;
			buildSettings = {
				ASSETCATALOG_COMPILER_APPICON_NAME = AppIcon;
				CODE_SIGN_STYLE = Automatic;
				DEVELOPMENT_ASSET_PATHS = "\"iOS-Project/Preview Content\"";
				ENABLE_PREVIEWS = YES;
				INFOPLIST_FILE = "iOS-Project/Info.plist";
				LD_RUNPATH_SEARCH_PATHS = (
					"$(inherited)",
					"@executable_path/Frameworks",
				);
				PRODUCT_BUNDLE_IDENTIFIER = "-13bit.io.iOS-Project";
				PRODUCT_NAME = "$(TARGET_NAME)";
				SWIFT_VERSION = 5.0;
				TARGETED_DEVICE_FAMILY = "1,2";
			};
			name = Release;
		};
/* End XCBuildConfiguration section */

/* Begin XCConfigurationList section */
		2F96F3FD23FB07C7002C8E48 /* Build configuration list for PBXProject "iOS-Project" */ = {
			isa = XCConfigurationList;
			buildConfigurations = (
				2F96F41423FB07C7002C8E48 /* Debug */,
				2F96F41523FB07C7002C8E48 /* Release */,
			);
			defaultConfigurationIsVisible = 0;
			defaultConfigurationName = Release;
		};
		2F96F41623FB07C7002C8E48 /* Build configuration list for PBXNativeTarget "iOS-Project" */ = {
			isa = XCConfigurationList;
			buildConfigurations = (
				2F96F41723FB07C7002C8E48 /* Debug */,
				2F96F41823FB07C7002C8E48 /* Release */,
			);
			defaultConfigurationIsVisible = 0;
			defaultConfigurationName = Release;
		};
/* End XCConfigurationList section */
	};
	rootObject = 2F96F3FA23FB07C7002C8E48 /* Project object */;
}
